
Microsoft Visual Studio Solution File, Format Version 12.00
# Visual Studio Version 17
VisualStudioVersion = 17.0.31903.59
MinimumVisualStudioVersion = 10.0.40219.1
Project("{FAE04EC0-301F-11D3-BF4B-00C04F79EFBC}") = "API", "API\API.csproj", "{018F56C2-5E17-4A6C-9C4C-81EB0C121CED}"
EndProject
Global
	GlobalSection(SolutionConfigurationPlatforms) = preSolution
		Debug|Any CPU = Debug|Any CPU
		Release|Any CPU = Release|Any CPU
	EndGlobalSection
	GlobalSection(SolutionProperties) = preSolution
		HideSolutionNode = FALSE
	EndGlobalSection
	GlobalSection(ProjectConfigurationPlatforms) = postSolution
		{018F56C2-5E17-4A6C-9C4C-81EB0C121CED}.Debug|Any CPU.ActiveCfg = Debug|Any CPU
		{018F56C2-5E17-4A6C-9C4C-81EB0C121CED}.Debug|Any CPU.Build.0 = Debug|Any CPU
		{018F56C2-5E17-4A6C-9C4C-81EB0C121CED}.Release|Any CPU.ActiveCfg = Release|Any CPU
		{018F56C2-5E17-4A6C-9C4C-81EB0C121CED}.Release|Any CPU.Build.0 = Release|Any CPU
	EndGlobalSection
EndGlobal
